
Microsoft Visual Studio Solution File, Format Version 12.00
# Visual Studio 15
VisualStudioVersion = 15.0.27428.2002
MinimumVisualStudioVersion = 10.0.40219.1
Project("{FAE04EC0-301F-11D3-BF4B-00C04F79EFBC}") = "Slau", "Slau\Slau.csproj", "{08E1D4E2-277F-4F59-B295-9710B4A0DB32}"
EndProject
Global
	GlobalSection(SolutionConfigurationPlatforms) = preSolution
		Debug|Any CPU = Debug|Any CPU
		Release|Any CPU = Release|Any CPU
	EndGlobalSection
	GlobalSection(ProjectConfigurationPlatforms) = postSolution
		{08E1D4E2-277F-4F59-B295-9710B4A0DB32}.Debug|Any CPU.ActiveCfg = Debug|Any CPU
		{08E1D4E2-277F-4F59-B295-9710B4A0DB32}.Debug|Any CPU.Build.0 = Debug|Any CPU
		{08E1D4E2-277F-4F59-B295-9710B4A0DB32}.Release|Any CPU.ActiveCfg = Release|Any CPU
		{08E1D4E2-277F-4F59-B295-9710B4A0DB32}.Release|Any CPU.Build.0 = Release|Any CPU
	EndGlobalSection
	GlobalSection(SolutionProperties) = preSolution
		HideSolutionNode = FALSE
	EndGlobalSection
	GlobalSection(ExtensibilityGlobals) = postSolution
		SolutionGuid = {D93B0B20-E6A5-4C08-8C15-61F87B6EFCDC}
	EndGlobalSection
EndGlobal
